
Microsoft Visual Studio Solution File, Format Version 12.00
# Visual Studio Version 17
VisualStudioVersion = 17.5.33414.496
MinimumVisualStudioVersion = 10.0.40219.1
Project("{FAE04EC0-301F-11D3-BF4B-00C04F79EFBC}") = "Hacker", "Hacker\Hacker.csproj", "{8B074C8C-3F76-4337-B872-1390699C728F}"
EndProject
Global
	GlobalSection(SolutionConfigurationPlatforms) = preSolution
		Debug|Any CPU = Debug|Any CPU
		Release|Any CPU = Release|Any CPU
	EndGlobalSection
	GlobalSection(ProjectConfigurationPlatforms) = postSolution
		{8B074C8C-3F76-4337-B872-1390699C728F}.Debug|Any CPU.ActiveCfg = Debug|Any CPU
		{8B074C8C-3F76-4337-B872-1390699C728F}.Debug|Any CPU.Build.0 = Debug|Any CPU
		{8B074C8C-3F76-4337-B872-1390699C728F}.Release|Any CPU.ActiveCfg = Release|Any CPU
		{8B074C8C-3F76-4337-B872-1390699C728F}.Release|Any CPU.Build.0 = Release|Any CPU
	EndGlobalSection
	GlobalSection(SolutionProperties) = preSolution
		HideSolutionNode = FALSE
	EndGlobalSection
	GlobalSection(ExtensibilityGlobals) = postSolution
		SolutionGuid = {26A8E7EC-3A9F-438F-A893-632E7EECBCF7}
	EndGlobalSection
EndGlobal
